
Microsoft Visual Studio Solution File, Format Version 12.00
# Visual Studio Version 16
VisualStudioVersion = 16.0.28902.138
MinimumVisualStudioVersion = 10.0.40219.1
Project("{FAE04EC0-301F-11D3-BF4B-00C04F79EFBC}") = "MyWMS", "MyWMS\MyWMS.csproj", "{FB08CB81-76E0-4F7D-8607-464B013DBE7A}"
EndProject
Global
	GlobalSection(SolutionConfigurationPlatforms) = preSolution
		Debug|Any CPU = Debug|Any CPU
		Release|Any CPU = Release|Any CPU
	EndGlobalSection
	GlobalSection(ProjectConfigurationPlatforms) = postSolution
		{FB08CB81-76E0-4F7D-8607-464B013DBE7A}.Debug|Any CPU.ActiveCfg = Debug|Any CPU
		{FB08CB81-76E0-4F7D-8607-464B013DBE7A}.Debug|Any CPU.Build.0 = Debug|Any CPU
		{FB08CB81-76E0-4F7D-8607-464B013DBE7A}.Release|Any CPU.ActiveCfg = Release|Any CPU
		{FB08CB81-76E0-4F7D-8607-464B013DBE7A}.Release|Any CPU.Build.0 = Release|Any CPU
	EndGlobalSection
	GlobalSection(SolutionProperties) = preSolution
		HideSolutionNode = FALSE
	EndGlobalSection
	GlobalSection(ExtensibilityGlobals) = postSolution
		SolutionGuid = {359B7289-40B1-4F21-9001-6144F7F57434}
	EndGlobalSection
EndGlobal
